
Microsoft Visual Studio Solution File, Format Version 12.00
# Visual Studio 15
VisualStudioVersion = 15.0.26730.15
MinimumVisualStudioVersion = 10.0.40219.1
Project("{FAE04EC0-301F-11D3-BF4B-00C04F79EFBC}") = "Перегрузка методов", "Перегрузка методов\Перегрузка методов.csproj", "{72A6285F-4A84-4B72-A15F-CF6FAD4B8D32}"
EndProject
Project("{2150E333-8FDC-42A3-9474-1A3956D46DE8}") = "Solution Items", "Solution Items", "{D30F9B69-DD20-46A6-B1B2-89C48B83103C}"
EndProject
Global
	GlobalSection(SolutionConfigurationPlatforms) = preSolution
		Debug|Any CPU = Debug|Any CPU
		Release|Any CPU = Release|Any CPU
	EndGlobalSection
	GlobalSection(ProjectConfigurationPlatforms) = postSolution
		{72A6285F-4A84-4B72-A15F-CF6FAD4B8D32}.Debug|Any CPU.ActiveCfg = Debug|Any CPU
		{72A6285F-4A84-4B72-A15F-CF6FAD4B8D32}.Debug|Any CPU.Build.0 = Debug|Any CPU
		{72A6285F-4A84-4B72-A15F-CF6FAD4B8D32}.Release|Any CPU.ActiveCfg = Release|Any CPU
		{72A6285F-4A84-4B72-A15F-CF6FAD4B8D32}.Release|Any CPU.Build.0 = Release|Any CPU
	EndGlobalSection
	GlobalSection(SolutionProperties) = preSolution
		HideSolutionNode = FALSE
	EndGlobalSection
	GlobalSection(ExtensibilityGlobals) = postSolution
		SolutionGuid = {86AD4D51-D6E8-4836-9CB4-8452292F7109}
	EndGlobalSection
EndGlobal
